
Microsoft Visual Studio Solution File, Format Version 12.00
# Visual Studio 14
VisualStudioVersion = 14.0.25420.1
MinimumVisualStudioVersion = 10.0.40219.1
Project("{FAE04EC0-301F-11D3-BF4B-00C04F79EFBC}") = "Minutes", "Minutes\Minutes.csproj", "{332B7979-1CF9-4C2F-9F3A-4BF95E93DD36}"
EndProject
Project("{FAE04EC0-301F-11D3-BF4B-00C04F79EFBC}") = "MinutesTests", "MinutesTests\MinutesTests.csproj", "{2D6B4F32-0687-484C-BDC2-7789141596BC}"
EndProject
Global
	GlobalSection(SolutionConfigurationPlatforms) = preSolution
		Debug|Any CPU = Debug|Any CPU
		Release|Any CPU = Release|Any CPU
	EndGlobalSection
	GlobalSection(ProjectConfigurationPlatforms) = postSolution
		{332B7979-1CF9-4C2F-9F3A-4BF95E93DD36}.Debug|Any CPU.ActiveCfg = Debug|Any CPU
		{332B7979-1CF9-4C2F-9F3A-4BF95E93DD36}.Debug|Any CPU.Build.0 = Debug|Any CPU
		{332B7979-1CF9-4C2F-9F3A-4BF95E93DD36}.Release|Any CPU.ActiveCfg = Release|Any CPU
		{332B7979-1CF9-4C2F-9F3A-4BF95E93DD36}.Release|Any CPU.Build.0 = Release|Any CPU
		{2D6B4F32-0687-484C-BDC2-7789141596BC}.Debug|Any CPU.ActiveCfg = Debug|Any CPU
		{2D6B4F32-0687-484C-BDC2-7789141596BC}.Debug|Any CPU.Build.0 = Debug|Any CPU
		{2D6B4F32-0687-484C-BDC2-7789141596BC}.Release|Any CPU.ActiveCfg = Release|Any CPU
		{2D6B4F32-0687-484C-BDC2-7789141596BC}.Release|Any CPU.Build.0 = Release|Any CPU
	EndGlobalSection
	GlobalSection(SolutionProperties) = preSolution
		HideSolutionNode = FALSE
	EndGlobalSection
EndGlobal
